
Microsoft Visual Studio Solution File, Format Version 12.00
# Visual Studio Version 17
VisualStudioVersion = 17.3.32825.248
MinimumVisualStudioVersion = 10.0.40219.1
Project("{FAE04EC0-301F-11D3-BF4B-00C04F79EFBC}") = "CalcWF", "CalcWF.csproj", "{49B5D4C8-6A05-4C78-9135-C06FC2E447AA}"
EndProject
Global
	GlobalSection(SolutionConfigurationPlatforms) = preSolution
		Debug|Any CPU = Debug|Any CPU
		Release|Any CPU = Release|Any CPU
	EndGlobalSection
	GlobalSection(ProjectConfigurationPlatforms) = postSolution
		{49B5D4C8-6A05-4C78-9135-C06FC2E447AA}.Debug|Any CPU.ActiveCfg = Debug|Any CPU
		{49B5D4C8-6A05-4C78-9135-C06FC2E447AA}.Debug|Any CPU.Build.0 = Debug|Any CPU
		{49B5D4C8-6A05-4C78-9135-C06FC2E447AA}.Release|Any CPU.ActiveCfg = Release|Any CPU
		{49B5D4C8-6A05-4C78-9135-C06FC2E447AA}.Release|Any CPU.Build.0 = Release|Any CPU
	EndGlobalSection
	GlobalSection(SolutionProperties) = preSolution
		HideSolutionNode = FALSE
	EndGlobalSection
	GlobalSection(ExtensibilityGlobals) = postSolution
		SolutionGuid = {E06E6C35-3486-431D-8908-DA48890B0B0B}
	EndGlobalSection
EndGlobal
